# This file is automatically @generated by Poetry 1.6.1 and should not be changed by hand.

[[package]]
name = "black"
version = "23.9.0"
description = "The uncompromising code formatter."
optional = false
python-versions = ">=3.8"
files = [
    {file = "black-23.9.0-py3-none-any.whl", hash = "sha256:9366c1f898981f09eb8da076716c02fd021f5a0e63581c66501d68a2e4eab844"},
    {file = "black-23.9.0.tar.gz", hash = "sha256:3511c8a7e22ce653f89ae90dfddaf94f3bb7e2587a245246572d3b9c92adf066"},
]

[package.dependencies]
click = ">=8.0.0"
mypy-extensions = ">=0.4.3"
packaging = ">=22.0"
pathspec = ">=0.9.0"
platformdirs = ">=2"
tomli = {version = ">=1.1.0", markers = "python_version < \"3.11\""}
typing-extensions = {version = ">=4.0.1", markers = "python_version < \"3.11\""}

[package.extras]
colorama = ["colorama (>=0.4.3)"]
d = ["aiohttp (>=3.7.4)"]
jupyter = ["ipython (>=7.8.0)", "tokenize-rt (>=3.2.0)"]
uvloop = ["uvloop (>=0.15.2)"]

[[package]]
name = "blinker"
version = "1.6.2"
description = "Fast, simple object-to-object and broadcast signaling"
optional = false
python-versions = ">=3.7"
files = [
    {file = "blinker-1.6.2-py3-none-any.whl", hash = "sha256:c3d739772abb7bc2860abf5f2ec284223d9ad5c76da018234f6f50d6f31ab1f0"},
    {file = "blinker-1.6.2.tar.gz", hash = "sha256:4afd3de66ef3a9f8067559fb7a1cbe555c17dcbe15971b05d1b625c3e7abe213"},
]

[[package]]
name = "click"
version = "8.1.7"
description = "Composable command line interface toolkit"
optional = false
python-versions = ">=3.7"
files = [
    {file = "click-8.1.7-py3-none-any.whl", hash = "sha256:ae74fb96c20a0277a1d615f1e4d73c8414f5a98db8b799a7931d1582f3390c28"},
    {file = "click-8.1.7.tar.gz", hash = "sha256:ca9853ad459e787e2192211578cc907e7594e294c7ccc834310722b41b9ca6de"},
]

[package.dependencies]
colorama = {version = "*", markers = "platform_system == \"Windows\""}

[[package]]
name = "colorama"
version = "0.4.6"
description = "Cross-platform colored terminal text."
optional = false
python-versions = "!=3.0.*,!=3.1.*,!=3.2.*,!=3.3.*,!=3.4.*,!=3.5.*,!=3.6.*,>=2.7"
files = [
    {file = "colorama-0.4.6-py2.py3-none-any.whl", hash = "sha256:4f1d9991f5acc0ca119f9d443620b77f9d6b33703e51011c16baf57afb285fc6"},
    {file = "colorama-0.4.6.tar.gz", hash = "sha256:08695f5cb7ed6e0531a20572697297273c47b8cae5a63ffc6d6ed5c201be6e44"},
]

[[package]]
name = "ephem"
version = "4.1.4"
description = "Compute positions of the planets and stars"
optional = false
python-versions = "*"
files = [
    {file = "ephem-4.1.4-cp310-cp310-macosx_10_9_x86_64.whl", hash = "sha256:024752ae7074c660630046929e12650cc6e72e1c11b7554ccefbe16f8ce3c48d"},
    {file = "ephem-4.1.4-cp310-cp310-manylinux_2_12_i686.manylinux2010_i686.manylinux_2_17_i686.manylinux2014_i686.whl", hash = "sha256:158bf9fb2b58cb77c606687c9ad35dc82903ed00617a12c93dd2d89a65d6374d"},
    {file = "ephem-4.1.4-cp310-cp310-manylinux_2_17_aarch64.manylinux2014_aarch64.whl", hash = "sha256:11be09d245e77457e87988a4fdc811bdc6c5f1daaa73fb24289b220db720831d"},
    {file = "ephem-4.1.4-cp310-cp310-manylinux_2_17_s390x.manylinux2014_s390x.whl", hash = "sha256:649bd2c85f5fc450136dacc0416af7127a07c0b2ce84bfdc89c1bc78129216a3"},
    {file = "ephem-4.1.4-cp310-cp310-manylinux_2_17_x86_64.manylinux2014_x86_64.whl", hash = "sha256:d6918b012365791b786ed0f30e8ea3941cbc49486dcf6c28d151f119c62d5be8"},
    {file = "ephem-4.1.4-cp310-cp310-musllinux_1_1_aarch64.whl", hash = "sha256:d343e9ca26f04a05b01fcaaf800224da5d15ad76902d7dc452c216e448293893"},
    {file = "ephem-4.1.4-cp310-cp310-musllinux_1_1_i686.whl", hash = "sha256:d0403738f59aefe81ee5b0219cd909f2a05b03b7da465f9b233da57d3dea0de6"},
    {file = "ephem-4.1.4-cp310-cp310-musllinux_1_1_s390x.whl", hash = "sha256:d61f38f35c25049ca2b95aa4e12e952e5ef56b31eac4a9d6d4e24aacf9373101"},
    {file = "ephem-4.1.4-cp310-cp310-musllinux_1_1_x86_64.whl", hash = "sha256:4039aa2f0b8c204283fc478551d8b29c9473137ad8a910a5ff60ae3be6593c7b"},
    {file = "ephem-4.1.4-cp310-cp310-win32.whl", hash = "sha256:8979429643ac4e29a5496321c9c41a20cd7a6a530aee9865c7fab0008450ef28"},
    {file = "ephem-4.1.4-cp310-cp310-win_amd64.whl", hash = "sha256:589a2235f49232b92ee0247923360a264086a57b2c39d4191348f95ba5ce0c3d"},
    {file = "ephem-4.1.4-cp311-cp311-macosx_10_9_x86_64.whl", hash = "sha256:feab5f68ae9fa622d6316790c9cfc399e8b78f7958a61da4edf2cb5e0e675d44"},
    {file = "ephem-4.1.4-cp311-cp311-manylinux_2_12_i686.manylinux2010_i686.manylinux_2_17_i686.manylinux2014_i686.whl", hash = "sha256:df9c482c8d25e69271311606b4de0e177e44ceb11781c7ebacf17cc5b391f832"},
    {file = "ephem-4.1.4-cp311-cp311-manylinux_2_17_aarch64.manylinux2014_aarch64.whl", hash = "sha256:1cceea883856817f3ea3f73442e3be3a4a56558cdb77cc85d02db4429ce5ab16"},
    {file = "ephem-4.1.4-cp311-cp311-manylinux_2_17_s390x.manylinux2014_s390x.whl", hash = "sha256:f3e9ea626bc522fd4dd1ff795f0922fcb4c4eb57effe91b6284411166ddd1fd7"},
    {file = "ephem-4.1.4-cp311-cp311-manylinux_2_17_x86_64.manylinux2014_x86_64.whl", hash = "sha256:aad22e769bd35415cad8f2ef6d4d875190d9bdad4fed2842fd19dac6f1ccb9dd"},
    {file = "ephem-4.1.4-cp311-cp311-musllinux_1_1_aarch64.whl", hash = "sha256:e3327218495235ec215ffe43253c0bf3fa982f59504b351c53b024f1c7b63752"},
    {file = "ephem-4.1.4-cp311-cp311-musllinux_1_1_i686.whl", hash = "sha256:d2c56238a1aec72a78ad7061f5c531df97a66ea0cca45204b6b8141c3bb1540e"},
    {file = "ephem-4.1.4-cp311-cp311-musllinux_1_1_s390x.whl", hash = "sha256:fffe176bd94f4f61be5a54b54a966988cceb6ba69a6ed729aab166020fdb37c3"},
    {file = "ephem-4.1.4-cp311-cp311-musllinux_1_1_x86_64.whl", hash = "sha256:8f9b27117e7a82f7f70db9cb23b5cc36d37b166a2f73c55e14d7225d0ab95afa"},
    {file = "ephem-4.1.4-cp311-cp311-win32.whl", hash = "sha256:9bb21c0b117c9122c0141b0a71ee6fbbb087ed2aab4a7ab60f009e95e9f4a521"},
    {file = "ephem-4.1.4-cp311-cp311-win_amd64.whl", hash = "sha256:55d7fb5c34b2e453e01fa4ca7ee375b19b438c9401ae8c4099ae4a3a37656972"},
    {file = "ephem-4.1.4-cp36-cp36m-macosx_10_9_x86_64.whl", hash = "sha256:40067fc050c946c8d4c2d779805b61f063471a091e6124cbabcf61ac538011b2"},
    {file = "ephem-4.1.4-cp36-cp36m-manylinux_2_12_i686.manylinux2010_i686.manylinux_2_17_i686.manylinux2014_i686.whl", hash = "sha256:7e2abe97aa2b091090012768b4d94793213cc01f0bf040dcc311a380ab08df69"},
    {file = "ephem-4.1.4-cp36-cp36m-manylinux_2_17_aarch64.manylinux2014_aarch64.whl", hash = "sha256:3b2677d3a5b42aedc578de10b0eecdba6a50731f159cb28f7ad38c5f62143494"},
    {file = "ephem-4.1.4-cp36-cp36m-manylinux_2_17_s390x.manylinux2014_s390x.whl", hash = "sha256:80a73da8ec61f86e5a97f73311159e61279dabdfbd17c9d4e2791a25a836f9ce"},
    {file = "ephem-4.1.4-cp36-cp36m-manylinux_2_17_x86_64.manylinux2014_x86_64.whl", hash = "sha256:a146db114cfc942d123a38c301a8b8ca7eef2e37d2c5a4bd59e4abc99123c083"},
    {file = "ephem-4.1.4-cp36-cp36m-musllinux_1_1_aarch64.whl", hash = "sha256:4f3650c27c3ab6b73e2de7fd8de10e1c0d73f4683c9c5fb2e7113722ec2c2b53"},
    {file = "ephem-4.1.4-cp36-cp36m-musllinux_1_1_i686.whl", hash = "sha256:171fc5e7c4e9523f900dfd5ab6520bceb260a2b59fcb558d9aec17fd562b6251"},
    {file = "ephem-4.1.4-cp36-cp36m-musllinux_1_1_s390x.whl", hash = "sha256:8974799afb37f17ac71e16e479d0e315d74bea4bed2becaf21d1b9304299bbaf"},
    {file = "ephem-4.1.4-cp36-cp36m-musllinux_1_1_x86_64.whl", hash = "sha256:3c39fb62c240f57533ea618295e510c44e466e74f2f4a899fbaa04b166b62d04"},
    {file = "ephem-4.1.4-cp36-cp36m-win32.whl", hash = "sha256:23e1432f021c69b2965c87a693ffd25caf08416e92bcb0fed91425083a374210"},
    {file = "ephem-4.1.4-cp36-cp36m-win_amd64.whl", hash = "sha256:86d6dda3581e61f6bad5479e26bca9e560671852ac00a5a8ed10f722635ddf71"},
    {file = "ephem-4.1.4-cp37-cp37m-macosx_10_9_x86_64.whl", hash = "sha256:e731c3e2f1767fab14e5d4077a3519f70afd22cb7dd113274c2850f8ef8ff828"},
    {file = "ephem-4.1.4-cp37-cp37m-manylinux_2_12_i686.manylinux2010_i686.manylinux_2_17_i686.manylinux2014_i686.whl", hash = "sha256:c8b79b47c7be0d64013fb5d97dd6bbfb9bf63ae07b2ec917be19d3b4cc5782b8"},
    {file = "ephem-4.1.4-cp37-cp37m-manylinux_2_17_aarch64.manylinux2014_aarch64.whl", hash = "sha256:89f759ce8e3489d15b9f3796d210196085dcb84cacdf24b2ece791b029245544"},
    {file = "ephem-4.1.4-cp37-cp37m-manylinux_2_17_s390x.manylinux2014_s390x.whl", hash = "sha256:daf1a1280102e14c718d684989da34151697a426522f8ae18b1081e8bad705c9"},
    {file = "ephem-4.1.4-cp37-cp37m-manylinux_2_17_x86_64.manylinux2014_x86_64.whl", hash = "sha256:e3da3b76d5d5e339461059c3314013c152ef569c798bfd578bcfb504b875a837"},
    {file = "ephem-4.1.4-cp37-cp37m-musllinux_1_1_aarch64.whl", hash = "sha256:aac0a0e41deb2a197cf67e800a3d0f4029139b9ce12bed148ffe994ec78593f9"},
    {file = "ephem-4.1.4-cp37-cp37m-musllinux_1_1_i686.whl", hash = "sha256:85809803e349bb4a0d56880067549abdc2b93fddf93ac3d55486040cbec1553f"},
    {file = "ephem-4.1.4-cp37-cp37m-musllinux_1_1_s390x.whl", hash = "sha256:93d8f8b4e6206d3401dbdb0cdabb0d15c59cf9c2a7ee7c586da8c7dbf1f2a136"},
    {file = "ephem-4.1.4-cp37-cp37m-musllinux_1_1_x86_64.whl", hash = "sha256:5beaa0cb659951211aec33a7c132557a1a161dacf53f1b1493830489cfc68215"},
    {file = "ephem-4.1.4-cp37-cp37m-win32.whl", hash = "sha256:bbd4727498928ece694ec1b33023f16b6d050d9952d4052129b24e08e04d67fd"},
    {file = "ephem-4.1.4-cp37-cp37m-win_amd64.whl", hash = "sha256:39c710d73449b1c495b58d803da881363a0cae4b728de9fa332f77bcb4686ac8"},
    {file = "ephem-4.1.4-cp38-cp38-macosx_10_9_x86_64.whl", hash = "sha256:24b7e90c731e851a56ab5e9d538915faaa54945e9b5211cfdf04e570fc27c529"},
    {file = "ephem-4.1.4-cp38-cp38-manylinux_2_12_i686.manylinux2010_i686.manylinux_2_17_i686.manylinux2014_i686.whl", hash = "sha256:ab40ad7a5ccd66cad4161ca2295c04f01a74ec596c936c3af97a67733e2cd5bf"},
    {file = "ephem-4.1.4-cp38-cp38-manylinux_2_17_aarch64.manylinux2014_aarch64.whl", hash = "sha256:555d63d70e36e46e43b955c37cdb0f8b82ee2051c575960c4b01948be9f04e5e"},
    {file = "ephem-4.1.4-cp38-cp38-manylinux_2_17_s390x.manylinux2014_s390x.whl", hash = "sha256:3a29de7c737047cc2412edada9d03b761339d3560d7db471cd04f257e1e02f2f"},
    {file = "ephem-4.1.4-cp38-cp38-manylinux_2_17_x86_64.manylinux2014_x86_64.whl", hash = "sha256:4e737b49643a300fa15b788accc72802af93b49cd5d071e53111e08e3fba6570"},
    {file = "ephem-4.1.4-cp38-cp38-musllinux_1_1_aarch64.whl", hash = "sha256:56c448a83290dabd1df5865fbf9e39d17400abcef37cb36de90ea1a860c0a08e"},
    {file = "ephem-4.1.4-cp38-cp38-musllinux_1_1_i686.whl", hash = "sha256:3bd7da534a542d937b10f3c643301dc9b8bc09f7a40350b32efc32910232da9e"},
    {file = "ephem-4.1.4-cp38-cp38-musllinux_1_1_s390x.whl", hash = "sha256:0493ad1b3d2505acbf442e31aadb86fba096ba30008a586fe6361a9de5974ed3"},
    {file = "ephem-4.1.4-cp38-cp38-musllinux_1_1_x86_64.whl", hash = "sha256:3442fba6afae0bcb643c9b069765033b67d2c8fe4350f9beb4f2f5cfdaaa7442"},
    {file = "ephem-4.1.4-cp38-cp38-win32.whl", hash = "sha256:8e0bb8379fb6b709a3cbceb6a11a3dc0f25e5b16a6f009b48e09d6b95f896d9c"},
    {file = "ephem-4.1.4-cp38-cp38-win_amd64.whl", hash = "sha256:a940cd4d8d7aed68efd3d6b717f393bbedf541d388ba11eb3ed56a9fc6cbb1ca"},
    {file = "ephem-4.1.4-cp39-cp39-macosx_10_9_x86_64.whl", hash = "sha256:7f51a3bcd5f69c4070e8a6936e4a61019ad2d6b94bc8b5ca1e498dea0962a373"},
    {file = "ephem-4.1.4-cp39-cp39-manylinux_2_12_i686.manylinux2010_i686.manylinux_2_17_i686.manylinux2014_i686.whl", hash = "sha256:41680b48aeae5b992371bf7ec1bc07457500ff4a6ea7d333793e945b97951de0"},
    {file = "ephem-4.1.4-cp39-cp39-manylinux_2_17_aarch64.manylinux2014_aarch64.whl", hash = "sha256:f11edaef2e4a4d010e21b5ff8bcd9435fbc7fe9e16923f81143f248ae8ae8e9d"},
    {file = "ephem-4.1.4-cp39-cp39-manylinux_2_17_s390x.manylinux2014_s390x.whl", hash = "sha256:72078b49748318cbbbe1a49ab5dcd05e63c917151351175b590833e6163a1506"},
    {file = "ephem-4.1.4-cp39-cp39-manylinux_2_17_x86_64.manylinux2014_x86_64.whl", hash = "sha256:b2ba977ad0402ac44fe66af6e1119632efe84b7d1255f8f6f94d7768d9487453"},
    {file = "ephem-4.1.4-cp39-cp39-musllinux_1_1_aarch64.whl", hash = "sha256:a21a11285904f43c3bc6909727d09109b8e38dc2e3cda662089601cb37b3d082"},
    {file = "ephem-4.1.4-cp39-cp39-musllinux_1_1_i686.whl", hash = "sha256:9aabc3cab5fb9440564dfdf79e39ee01d16554d7bfb8228cddfe9eada460dba9"},
    {file = "ephem-4.1.4-cp39-cp39-musllinux_1_1_s390x.whl", hash = "sha256:5327fd48fc8ff966023a6f177813fc058bb2a496c70b53a79f85bf2eba3ca93d"},
    {file = "ephem-4.1.4-cp39-cp39-musllinux_1_1_x86_64.whl", hash = "sha256:1e429f6e0e05e4c8c54802e951cd1bde440dd6f896c2b5691ef5ebd9bc3ba489"},
    {file = "ephem-4.1.4-cp39-cp39-win32.whl", hash = "sha256:a8d125d04800425a9d944109710687bbb3703e8f04ac3bc8445779bb0ad5dcc2"},
    {file = "ephem-4.1.4-cp39-cp39-win_amd64.whl", hash = "sha256:4e8ec4e29c7f04d6334215775a8c4dc77eae8ed698384530d9415a98500ed01c"},
    {file = "ephem-4.1.4.tar.gz", hash = "sha256:73a59f0d2162d1624535c3c3b75f956556bdbb2055eaf554a7bef147d3f9c760"},
]

[[package]]
name = "exceptiongroup"
version = "1.1.3"
description = "Backport of PEP 654 (exception groups)"
optional = false
python-versions = ">=3.7"
files = [
    {file = "exceptiongroup-1.1.3-py3-none-any.whl", hash = "sha256:343280667a4585d195ca1cf9cef84a4e178c4b6cf2274caef9859782b567d5e3"},
    {file = "exceptiongroup-1.1.3.tar.gz", hash = "sha256:097acd85d473d75af5bb98e41b61ff7fe35efe6675e4f9370ec6ec5126d160e9"},
]

[package.extras]
test = ["pytest (>=6)"]

[[package]]
name = "flask"
version = "2.3.3"
description = "A simple framework for building complex web applications."
optional = false
python-versions = ">=3.8"
files = [
    {file = "flask-2.3.3-py3-none-any.whl", hash = "sha256:f69fcd559dc907ed196ab9df0e48471709175e696d6e698dd4dbe940f96ce66b"},
    {file = "flask-2.3.3.tar.gz", hash = "sha256:09c347a92aa7ff4a8e7f3206795f30d826654baf38b873d0744cd571ca609efc"},
]

[package.dependencies]
blinker = ">=1.6.2"
click = ">=8.1.3"
itsdangerous = ">=2.1.2"
Jinja2 = ">=3.1.2"
Werkzeug = ">=2.3.7"

[package.extras]
async = ["asgiref (>=3.2)"]
dotenv = ["python-dotenv"]

[[package]]
name = "iniconfig"
version = "2.0.0"
description = "brain-dead simple config-ini parsing"
optional = false
python-versions = ">=3.7"
files = [
    {file = "iniconfig-2.0.0-py3-none-any.whl", hash = "sha256:b6a85871a79d2e3b22d2d1b94ac2824226a63c6b741c88f7ae975f18b6778374"},
    {file = "iniconfig-2.0.0.tar.gz", hash = "sha256:2d91e135bf72d31a410b17c16da610a82cb55f6b0477d1a902134b24a455b8b3"},
]

[[package]]
name = "itsdangerous"
version = "2.1.2"
description = "Safely pass data to untrusted environments and back."
optional = false
python-versions = ">=3.7"
files = [
    {file = "itsdangerous-2.1.2-py3-none-any.whl", hash = "sha256:2c2349112351b88699d8d4b6b075022c0808887cb7ad10069318a8b0bc88db44"},
    {file = "itsdangerous-2.1.2.tar.gz", hash = "sha256:5dbbc68b317e5e42f327f9021763545dc3fc3bfe22e6deb96aaf1fc38874156a"},
]

[[package]]
name = "jinja2"
version = "3.1.2"
description = "A very fast and expressive template engine."
optional = false
python-versions = ">=3.7"
files = [
    {file = "Jinja2-3.1.2-py3-none-any.whl", hash = "sha256:6088930bfe239f0e6710546ab9c19c9ef35e29792895fed6e6e31a023a182a61"},
    {file = "Jinja2-3.1.2.tar.gz", hash = "sha256:31351a702a408a9e7595a8fc6150fc3f43bb6bf7e319770cbc0db9df9437e852"},
]

[package.dependencies]
MarkupSafe = ">=2.0"

[package.extras]
i18n = ["Babel (>=2.7)"]

[[package]]
name = "markupsafe"
version = "2.1.3"
description = "Safely add untrusted strings to HTML/XML markup."
optional = false
python-versions = ">=3.7"
files = [
    {file = "MarkupSafe-2.1.3-cp310-cp310-macosx_10_9_universal2.whl", hash = "sha256:cd0f502fe016460680cd20aaa5a76d241d6f35a1c3350c474bac1273803893fa"},
    {file = "MarkupSafe-2.1.3-cp310-cp310-macosx_10_9_x86_64.whl", hash = "sha256:e09031c87a1e51556fdcb46e5bd4f59dfb743061cf93c4d6831bf894f125eb57"},
    {file = "MarkupSafe-2.1.3-cp310-cp310-manylinux_2_17_aarch64.manylinux2014_aarch64.whl", hash = "sha256:68e78619a61ecf91e76aa3e6e8e33fc4894a2bebe93410754bd28fce0a8a4f9f"},
    {file = "MarkupSafe-2.1.3-cp310-cp310-manylinux_2_17_x86_64.manylinux2014_x86_64.whl", hash = "sha256:65c1a9bcdadc6c28eecee2c119465aebff8f7a584dd719facdd9e825ec61ab52"},
    {file = "MarkupSafe-2.1.3-cp310-cp310-manylinux_2_5_i686.manylinux1_i686.manylinux_2_17_i686.manylinux2014_i686.whl", hash = "sha256:525808b8019e36eb524b8c68acdd63a37e75714eac50e988180b169d64480a00"},
    {file = "MarkupSafe-2.1.3-cp310-cp310-musllinux_1_1_aarch64.whl", hash = "sha256:962f82a3086483f5e5f64dbad880d31038b698494799b097bc59c2edf392fce6"},
    {file = "MarkupSafe-2.1.3-cp310-cp310-musllinux_1_1_i686.whl", hash = "sha256:aa7bd130efab1c280bed0f45501b7c8795f9fdbeb02e965371bbef3523627779"},
    {file = "MarkupSafe-2.1.3-cp310-cp310-musllinux_1_1_x86_64.whl", hash = "sha256:c9c804664ebe8f83a211cace637506669e7890fec1b4195b505c214e50dd4eb7"},
    {file = "MarkupSafe-2.1.3-cp310-cp310-win32.whl", hash = "sha256:10bbfe99883db80bdbaff2dcf681dfc6533a614f700da1287707e8a5d78a8431"},
    {file = "MarkupSafe-2.1.3-cp310-cp310-win_amd64.whl", hash = "sha256:1577735524cdad32f9f694208aa75e422adba74f1baee7551620e43a3141f559"},
    {file = "MarkupSafe-2.1.3-cp311-cp311-macosx_10_9_universal2.whl", hash = "sha256:ad9e82fb8f09ade1c3e1b996a6337afac2b8b9e365f926f5a61aacc71adc5b3c"},
    {file = "MarkupSafe-2.1.3-cp311-cp311-macosx_10_9_x86_64.whl", hash = "sha256:3c0fae6c3be832a0a0473ac912810b2877c8cb9d76ca48de1ed31e1c68386575"},
    {file = "MarkupSafe-2.1.3-cp311-cp311-manylinux_2_17_aarch64.manylinux2014_aarch64.whl", hash = "sha256:b076b6226fb84157e3f7c971a47ff3a679d837cf338547532ab866c57930dbee"},
    {file = "MarkupSafe-2.1.3-cp311-cp311-manylinux_2_17_x86_64.manylinux2014_x86_64.whl", hash = "sha256:bfce63a9e7834b12b87c64d6b155fdd9b3b96191b6bd334bf37db7ff1fe457f2"},
    {file = "MarkupSafe-2.1.3-cp311-cp311-manylinux_2_5_i686.manylinux1_i686.manylinux_2_17_i686.manylinux2014_i686.whl", hash = "sha256:338ae27d6b8745585f87218a3f23f1512dbf52c26c28e322dbe54bcede54ccb9"},
    {file = "MarkupSafe-2.1.3-cp311-cp311-musllinux_1_1_aarch64.whl", hash = "sha256:e4dd52d80b8c83fdce44e12478ad2e85c64ea965e75d66dbeafb0a3e77308fcc"},
    {file = "MarkupSafe-2.1.3-cp311-cp311-musllinux_1_1_i686.whl", hash = "sha256:df0be2b576a7abbf737b1575f048c23fb1d769f267ec4358296f31c2479db8f9"},
    {file = "MarkupSafe-2.1.3-cp311-cp311-musllinux_1_1_x86_64.whl", hash = "sha256:5bbe06f8eeafd38e5d0a4894ffec89378b6c6a625ff57e3028921f8ff59318ac"},
    {file = "MarkupSafe-2.1.3-cp311-cp311-win32.whl", hash = "sha256:dd15ff04ffd7e05ffcb7fe79f1b98041b8ea30ae9234aed2a9168b5797c3effb"},
    {file = "MarkupSafe-2.1.3-cp311-cp311-win_amd64.whl", hash = "sha256:134da1eca9ec0ae528110ccc9e48041e0828d79f24121a1a146161103c76e686"},
    {file = "MarkupSafe-2.1.3-cp312-cp312-macosx_10_9_universal2.whl", hash = "sha256:f698de3fd0c4e6972b92290a45bd9b1536bffe8c6759c62471efaa8acb4c37bc"},
    {file = "MarkupSafe-2.1.3-cp312-cp312-macosx_10_9_x86_64.whl", hash = "sha256:aa57bd9cf8ae831a362185ee444e15a93ecb2e344c8e52e4d721ea3ab6ef1823"},
    {file = "MarkupSafe-2.1.3-cp312-cp312-manylinux_2_17_aarch64.manylinux2014_aarch64.whl", hash = "sha256:ffcc3f7c66b5f5b7931a5aa68fc9cecc51e685ef90282f4a82f0f5e9b704ad11"},
    {file = "MarkupSafe-2.1.3-cp312-cp312-manylinux_2_17_x86_64.manylinux2014_x86_64.whl", hash = "sha256:47d4f1c5f80fc62fdd7777d0d40a2e9dda0a05883ab11374334f6c4de38adffd"},
    {file = "MarkupSafe-2.1.3-cp312-cp312-manylinux_2_5_i686.manylinux1_i686.manylinux_2_17_i686.manylinux2014_i686.whl", hash = "sha256:1f67c7038d560d92149c060157d623c542173016c4babc0c1913cca0564b9939"},
    {file = "MarkupSafe-2.1.3-cp312-cp312-musllinux_1_1_aarch64.whl", hash = "sha256:9aad3c1755095ce347e26488214ef77e0485a3c34a50c5a5e2471dff60b9dd9c"},
    {file = "MarkupSafe-2.1.3-cp312-cp312-musllinux_1_1_i686.whl", hash = "sha256:14ff806850827afd6b07a5f32bd917fb7f45b046ba40c57abdb636674a8b559c"},
    {file = "MarkupSafe-2.1.3-cp312-cp312-musllinux_1_1_x86_64.whl", hash = "sha256:8f9293864fe09b8149f0cc42ce56e3f0e54de883a9de90cd427f191c346eb2e1"},
    {file = "MarkupSafe-2.1.3-cp312-cp312-win32.whl", hash = "sha256:715d3562f79d540f251b99ebd6d8baa547118974341db04f5ad06d5ea3eb8007"},
    {file = "MarkupSafe-2.1.3-cp312-cp312-win_amd64.whl", hash = "sha256:1b8dd8c3fd14349433c79fa8abeb573a55fc0fdd769133baac1f5e07abf54aeb"},
    {file = "MarkupSafe-2.1.3-cp37-cp37m-macosx_10_9_x86_64.whl", hash = "sha256:8e254ae696c88d98da6555f5ace2279cf7cd5b3f52be2b5cf97feafe883b58d2"},
    {file = "MarkupSafe-2.1.3-cp37-cp37m-manylinux_2_17_aarch64.manylinux2014_aarch64.whl", hash = "sha256:cb0932dc158471523c9637e807d9bfb93e06a95cbf010f1a38b98623b929ef2b"},
    {file = "MarkupSafe-2.1.3-cp37-cp37m-manylinux_2_17_x86_64.manylinux2014_x86_64.whl", hash = "sha256:9402b03f1a1b4dc4c19845e5c749e3ab82d5078d16a2a4c2cd2df62d57bb0707"},
    {file = "MarkupSafe-2.1.3-cp37-cp37m-manylinux_2_5_i686.manylinux1_i686.manylinux_2_17_i686.manylinux2014_i686.whl", hash = "sha256:ca379055a47383d02a5400cb0d110cef0a776fc644cda797db0c5696cfd7e18e"},
    {file = "MarkupSafe-2.1.3-cp37-cp37m-musllinux_1_1_aarch64.whl", hash = "sha256:b7ff0f54cb4ff66dd38bebd335a38e2c22c41a8ee45aa608efc890ac3e3931bc"},
    {file = "MarkupSafe-2.1.3-cp37-cp37m-musllinux_1_1_i686.whl", hash = "sha256:c011a4149cfbcf9f03994ec2edffcb8b1dc2d2aede7ca243746df97a5d41ce48"},
    {file = "MarkupSafe-2.1.3-cp37-cp37m-musllinux_1_1_x86_64.whl", hash = "sha256:56d9f2ecac662ca1611d183feb03a3fa4406469dafe241673d521dd5ae92a155"},
    {file = "MarkupSafe-2.1.3-cp37-cp37m-win32.whl", hash = "sha256:8758846a7e80910096950b67071243da3e5a20ed2546e6392603c096778d48e0"},
    {file = "MarkupSafe-2.1.3-cp37-cp37m-win_amd64.whl", hash = "sha256:787003c0ddb00500e49a10f2844fac87aa6ce977b90b0feaaf9de23c22508b24"},
    {file = "MarkupSafe-2.1.3-cp38-cp38-macosx_10_9_universal2.whl", hash = "sha256:2ef12179d3a291be237280175b542c07a36e7f60718296278d8593d21ca937d4"},
    {file = "MarkupSafe-2.1.3-cp38-cp38-macosx_10_9_x86_64.whl", hash = "sha256:2c1b19b3aaacc6e57b7e25710ff571c24d6c3613a45e905b1fde04d691b98ee0"},
    {file = "MarkupSafe-2.1.3-cp38-cp38-manylinux_2_17_aarch64.manylinux2014_aarch64.whl", hash = "sha256:8afafd99945ead6e075b973fefa56379c5b5c53fd8937dad92c662da5d8fd5ee"},
    {file = "MarkupSafe-2.1.3-cp38-cp38-manylinux_2_17_x86_64.manylinux2014_x86_64.whl", hash = "sha256:8c41976a29d078bb235fea9b2ecd3da465df42a562910f9022f1a03107bd02be"},
    {file = "MarkupSafe-2.1.3-cp38-cp38-manylinux_2_5_i686.manylinux1_i686.manylinux_2_17_i686.manylinux2014_i686.whl", hash = "sha256:d080e0a5eb2529460b30190fcfcc4199bd7f827663f858a226a81bc27beaa97e"},
    {file = "MarkupSafe-2.1.3-cp38-cp38-musllinux_1_1_aarch64.whl", hash = "sha256:69c0f17e9f5a7afdf2cc9fb2d1ce6aabdb3bafb7f38017c0b77862bcec2bbad8"},
    {file = "MarkupSafe-2.1.3-cp38-cp38-musllinux_1_1_i686.whl", hash = "sha256:504b320cd4b7eff6f968eddf81127112db685e81f7e36e75f9f84f0df46041c3"},
    {file = "MarkupSafe-2.1.3-cp38-cp38-musllinux_1_1_x86_64.whl", hash = "sha256:42de32b22b6b804f42c5d98be4f7e5e977ecdd9ee9b660fda1a3edf03b11792d"},
    {file = "MarkupSafe-2.1.3-cp38-cp38-win32.whl", hash = "sha256:ceb01949af7121f9fc39f7d27f91be8546f3fb112c608bc4029aef0bab86a2a5"},
    {file = "MarkupSafe-2.1.3-cp38-cp38-win_amd64.whl", hash = "sha256:1b40069d487e7edb2676d3fbdb2b0829ffa2cd63a2ec26c4938b2d34391b4ecc"},
    {file = "MarkupSafe-2.1.3-cp39-cp39-macosx_10_9_universal2.whl", hash = "sha256:8023faf4e01efadfa183e863fefde0046de576c6f14659e8782065bcece22198"},
    {file = "MarkupSafe-2.1.3-cp39-cp39-macosx_10_9_x86_64.whl", hash = "sha256:6b2b56950d93e41f33b4223ead100ea0fe11f8e6ee5f641eb753ce4b77a7042b"},
    {file = "MarkupSafe-2.1.3-cp39-cp39-manylinux_2_17_aarch64.manylinux2014_aarch64.whl", hash = "sha256:9dcdfd0eaf283af041973bff14a2e143b8bd64e069f4c383416ecd79a81aab58"},
    {file = "MarkupSafe-2.1.3-cp39-cp39-manylinux_2_17_x86_64.manylinux2014_x86_64.whl", hash = "sha256:05fb21170423db021895e1ea1e1f3ab3adb85d1c2333cbc2310f2a26bc77272e"},
    {file = "MarkupSafe-2.1.3-cp39-cp39-manylinux_2_5_i686.manylinux1_i686.manylinux_2_17_i686.manylinux2014_i686.whl", hash = "sha256:282c2cb35b5b673bbcadb33a585408104df04f14b2d9b01d4c345a3b92861c2c"},
    {file = "MarkupSafe-2.1.3-cp39-cp39-musllinux_1_1_aarch64.whl", hash = "sha256:ab4a0df41e7c16a1392727727e7998a467472d0ad65f3ad5e6e765015df08636"},
    {file = "MarkupSafe-2.1.3-cp39-cp39-musllinux_1_1_i686.whl", hash = "sha256:7ef3cb2ebbf91e330e3bb937efada0edd9003683db6b57bb108c4001f37a02ea"},
    {file = "MarkupSafe-2.1.3-cp39-cp39-musllinux_1_1_x86_64.whl", hash = "sha256:0a4e4a1aff6c7ac4cd55792abf96c915634c2b97e3cc1c7129578aa68ebd754e"},
    {file = "MarkupSafe-2.1.3-cp39-cp39-win32.whl", hash = "sha256:fec21693218efe39aa7f8599346e90c705afa52c5b31ae019b2e57e8f6542bb2"},
    {file = "MarkupSafe-2.1.3-cp39-cp39-win_amd64.whl", hash = "sha256:3fd4abcb888d15a94f32b75d8fd18ee162ca0c064f35b11134be77050296d6ba"},
    {file = "MarkupSafe-2.1.3.tar.gz", hash = "sha256:af598ed32d6ae86f1b747b82783958b1a4ab8f617b06fe68795c7f026abbdcad"},
]

[[package]]
name = "mypy-extensions"
version = "1.0.0"
description = "Type system extensions for programs checked with the mypy type checker."
optional = false
python-versions = ">=3.5"
files = [
    {file = "mypy_extensions-1.0.0-py3-none-any.whl", hash = "sha256:4392f6c0eb8a5668a69e23d168ffa70f0be9ccfd32b5cc2d26a34ae5b844552d"},
    {file = "mypy_extensions-1.0.0.tar.gz", hash = "sha256:75dbf8955dc00442a438fc4d0666508a9a97b6bd41aa2f0ffe9d2f2725af0782"},
]

[[package]]
name = "packaging"
version = "23.1"
description = "Core utilities for Python packages"
optional = false
python-versions = ">=3.7"
files = [
    {file = "packaging-23.1-py3-none-any.whl", hash = "sha256:994793af429502c4ea2ebf6bf664629d07c1a9fe974af92966e4b8d2df7edc61"},
    {file = "packaging-23.1.tar.gz", hash = "sha256:a392980d2b6cffa644431898be54b0045151319d1e7ec34f0cfed48767dd334f"},
]

[[package]]
name = "pathspec"
version = "0.11.2"
description = "Utility library for gitignore style pattern matching of file paths."
optional = false
python-versions = ">=3.7"
files = [
    {file = "pathspec-0.11.2-py3-none-any.whl", hash = "sha256:1d6ed233af05e679efb96b1851550ea95bbb64b7c490b0f5aa52996c11e92a20"},
    {file = "pathspec-0.11.2.tar.gz", hash = "sha256:e0d8d0ac2f12da61956eb2306b69f9469b42f4deb0f3cb6ed47b9cce9996ced3"},
]

[[package]]
name = "platformdirs"
version = "3.10.0"
description = "A small Python package for determining appropriate platform-specific dirs, e.g. a \"user data dir\"."
optional = false
python-versions = ">=3.7"
files = [
    {file = "platformdirs-3.10.0-py3-none-any.whl", hash = "sha256:d7c24979f292f916dc9cbf8648319032f551ea8c49a4c9bf2fb556a02070ec1d"},
    {file = "platformdirs-3.10.0.tar.gz", hash = "sha256:b45696dab2d7cc691a3226759c0d3b00c47c8b6e293d96f6436f733303f77f6d"},
]

[package.extras]
docs = ["furo (>=2023.7.26)", "proselint (>=0.13)", "sphinx (>=7.1.1)", "sphinx-autodoc-typehints (>=1.24)"]
test = ["appdirs (==1.4.4)", "covdefaults (>=2.3)", "pytest (>=7.4)", "pytest-cov (>=4.1)", "pytest-mock (>=3.11.1)"]

[[package]]
name = "pluggy"
version = "1.3.0"
description = "plugin and hook calling mechanisms for python"
optional = false
python-versions = ">=3.8"
files = [
    {file = "pluggy-1.3.0-py3-none-any.whl", hash = "sha256:d89c696a773f8bd377d18e5ecda92b7a3793cbe66c87060a6fb58c7b6e1061f7"},
    {file = "pluggy-1.3.0.tar.gz", hash = "sha256:cf61ae8f126ac6f7c451172cf30e3e43d3ca77615509771b3a984a0730651e12"},
]

[package.extras]
dev = ["pre-commit", "tox"]
testing = ["pytest", "pytest-benchmark"]

[[package]]
name = "pytest"
version = "7.4.2"
description = "pytest: simple powerful testing with Python"
optional = false
python-versions = ">=3.7"
files = [
    {file = "pytest-7.4.2-py3-none-any.whl", hash = "sha256:1d881c6124e08ff0a1bb75ba3ec0bfd8b5354a01c194ddd5a0a870a48d99b002"},
    {file = "pytest-7.4.2.tar.gz", hash = "sha256:a766259cfab564a2ad52cb1aae1b881a75c3eb7e34ca3779697c23ed47c47069"},
]

[package.dependencies]
colorama = {version = "*", markers = "sys_platform == \"win32\""}
exceptiongroup = {version = ">=1.0.0rc8", markers = "python_version < \"3.11\""}
iniconfig = "*"
packaging = "*"
pluggy = ">=0.12,<2.0"
tomli = {version = ">=1.0.0", markers = "python_version < \"3.11\""}

[package.extras]
testing = ["argcomplete", "attrs (>=19.2.0)", "hypothesis (>=3.56)", "mock", "nose", "pygments (>=2.7.2)", "requests", "setuptools", "xmlschema"]

[[package]]
name = "tomli"
version = "2.0.1"
description = "A lil' TOML parser"
optional = false
python-versions = ">=3.7"
files = [
    {file = "tomli-2.0.1-py3-none-any.whl", hash = "sha256:939de3e7a6161af0c887ef91b7d41a53e7c5a1ca976325f429cb46ea9bc30ecc"},
    {file = "tomli-2.0.1.tar.gz", hash = "sha256:de526c12914f0c550d15924c62d72abc48d6fe7364aa87328337a31007fe8a4f"},
]

[[package]]
name = "typing-extensions"
version = "4.7.1"
description = "Backported and Experimental Type Hints for Python 3.7+"
optional = false
python-versions = ">=3.7"
files = [
    {file = "typing_extensions-4.7.1-py3-none-any.whl", hash = "sha256:440d5dd3af93b060174bf433bccd69b0babc3b15b1a8dca43789fd7f61514b36"},
    {file = "typing_extensions-4.7.1.tar.gz", hash = "sha256:b75ddc264f0ba5615db7ba217daeb99701ad295353c45f9e95963337ceeeffb2"},
]

[[package]]
name = "werkzeug"
version = "2.3.7"
description = "The comprehensive WSGI web application library."
optional = false
python-versions = ">=3.8"
files = [
    {file = "werkzeug-2.3.7-py3-none-any.whl", hash = "sha256:effc12dba7f3bd72e605ce49807bbe692bd729c3bb122a3b91747a6ae77df528"},
    {file = "werkzeug-2.3.7.tar.gz", hash = "sha256:2b8c0e447b4b9dbcc85dd97b6eeb4dcbaf6c8b6c3be0bd654e25553e0a2157d8"},
]

[package.dependencies]
MarkupSafe = ">=2.1.1"

[package.extras]
watchdog = ["watchdog (>=2.3)"]

[metadata]
lock-version = "2.0"
python-versions = "^3.10"
content-hash = "edd88d78fac5cad5c963e3dbdb4f36bc5214a0346a0f2e931d30c106e86525b4"
